{
    "_meta": {
        "hash": {
            "sha256": "a5d7964ac82ed05ebcf4665cee3da7d5f9d333338aa8a61412cd07b86709f7ae"
        },
        "pipfile-spec": 6,
        "requires": {
            "python_version": "3.7"
        },
        "sources": [
            {
                "name": "pypi",
                "url": "https://pypi.org/simple",
                "verify_ssl": true
            }
        ]
    },
    "default": {
        "category-encoders": {
            "hashes": [
                "sha256:9d76a2d810e02ad9527bed9c70b01fcb0f2238778b5422128275b5ba7561ca64",
                "sha256:a3f214fdfbd26e86e7809d44b3fea9d292a617b4b50b39f329116bae5b07f62c"
            ],
            "index": "pypi",
            "version": "==2.1.0"
        },
        "click": {
            "hashes": [
                "sha256:d2b5255c7c6349bc1bd1e59e08cd12acbbd63ce649f2588755783aa94dfb6b1a",
                "sha256:dacca89f4bfadd5de3d7489b7c8a566eee0d3676333fbb50030263894c38c0dc"
            ],
            "markers": "python_version >= '2.7' and python_version not in '3.0, 3.1, 3.2, 3.3, 3.4'",
            "version": "==7.1.2"
        },
        "enum34": {
            "hashes": [
                "sha256:13ef9a1c478203252107f66c25b99b45b1865693ca1284aab40dafa7e1e7ac17",
                "sha256:708aabfb3d5898f99674c390d360d59efdd08547019763622365f19e84a7fef4",
                "sha256:98df1f1937840b7d8012fea7f0b36392a3e6fd8a2f429c48a3ff4b1aad907f3f"
            ],
            "index": "pypi",
            "version": "==1.1.9"
        },
        "fastapi": {
            "hashes": [
                "sha256:717dbd2871c270970c70406ef4e550c3504525a7941df817f3a1318de0857c13",
                "sha256:c9296e05a011a53c5b4f0a12f06c261b95b7199685b3af986486e41a27545081"
            ],
            "index": "pypi",
            "version": "==0.49.0"
        },
        "h11": {
            "hashes": [
                "sha256:33d4bca7be0fa039f4e84d50ab00531047e53d6ee8ffbc83501ea602c169cae1",
                "sha256:4bc6d6a1238b7615b266ada57e0618568066f57dd6fa967d1290ec9309b2f2f1"
            ],
            "version": "==0.9.0"
        },
        "httptools": {
            "hashes": [
                "sha256:07659649fe6b3948b6490825f89abe5eb1cec79ebfaaa0b4bf30f3f33f3c2ba8",
                "sha256:08b79e09114e6ab5c3dbf560bba2cb2257ea38cdaeaf99b7cb80d8f92622fcd9",
                "sha256:1e35aa179b67086cc600a984924a88589b90793c9c1b260152ca4908786e09df",
                "sha256:31629e1f1b89959f8c0927bad12184dc07977dcf71e24f4772934aa490aa199b",
                "sha256:851026bd63ec0af7e7592890d97d15c92b62d9e17094353f19a52c8e2b33710a",
                "sha256:8fcca4b7efe353b13a24017211334c57d055a6e132c7adffed13a10d28efca57",
                "sha256:9abd788465aa46a0f288bd3a99e53edd184177d6379e2098fd6097bb359ad9d6",
                "sha256:aebdf0bd7bf7c90ae6b3be458692bf6e9e5b610b501f9f74c7979015a51db4c4",
                "sha256:bda99a5723e7eab355ce57435c70853fc137a65aebf2f1cd4d15d96e2956da7b",
                "sha256:c1c63d860749841024951b0a78e4dec6f543d23751ef061d6ab60064c7b8b524",
                "sha256:c4111a0a8a00eff1e495d43ea5230aaf64968a48ddba8ea2d5f982efae827404",
                "sha256:dce59ee45dd6ee6c434346a5ac527c44014326f560866b4b2f414a692ee1aca8",
                "sha256:f759717ca1b2ef498c67ba4169c2b33eecf943a89f5329abcff8b89d153eb500",
                "sha256:fb7199b8fb0c50a22e77260bb59017e0c075fa80cb03bb2c8692de76e7bb7fe7",
                "sha256:fbf7ecd31c39728f251b1c095fd27c84e4d21f60a1d079a0333472ff3ae59d34"
            ],
            "markers": "sys_platform != 'win32' and sys_platform != 'cygwin' and platform_python_implementation != 'PyPy'",
            "version": "==0.1.2"
        },
        "joblib": {
            "hashes": [
                "sha256:21e0c34a69ad7fde4f2b1f3402290e9ec46f545f15f1541c582edfe05d87b63a",
                "sha256:315d6b19643ec4afd4c41c671f9f2d65ea9d787da093487a81ead7b0bac94524"
            ],
            "index": "pypi",
            "version": "==0.13.2"
        },
        "lightgbm": {
            "hashes": [
                "sha256:37225b9f816ea3365ff5988fc8a3717e46ac99a5f223986c86c86cec4f111b54",
                "sha256:5b911e50224c769b5f3e348839a19c72c6d9c21f3f910d54647090450bea252a",
                "sha256:a3ca150fdb19370b120ec5b4d045b7b9ffbe73d2ff04d9f45e23395f91f6e050",
                "sha256:f0938261116ddb4f9d146573819b2414db43b425bb10ee501c5b0f7ba0da7279"
            ],
            "index": "pypi",
            "version": "==2.3.0"
        },
        "numpy": {
            "hashes": [
                "sha256:0a7a1dd123aecc9f0076934288ceed7fd9a81ba3919f11a855a7887cbe82a02f",
                "sha256:0c0763787133dfeec19904c22c7e358b231c87ba3206b211652f8cbe1241deb6",
                "sha256:3d52298d0be333583739f1aec9026f3b09fdfe3ddf7c7028cb16d9d2af1cca7e",
                "sha256:43bb4b70585f1c2d153e45323a886839f98af8bfa810f7014b20be714c37c447",
                "sha256:475963c5b9e116c38ad7347e154e5651d05a2286d86455671f5b1eebba5feb76",
                "sha256:64874913367f18eb3013b16123c9fed113962e75d809fca5b78ebfbb73ed93ba",
                "sha256:683828e50c339fc9e68720396f2de14253992c495fdddef77a1e17de55f1decc",
                "sha256:6ca4000c4a6f95a78c33c7dadbb9495c10880be9c89316aa536eac359ab820ae",
                "sha256:75fd817b7061f6378e4659dd792c84c0b60533e867f83e0d1e52d5d8e53df88c",
                "sha256:7d81d784bdbed30137aca242ab307f3e65c8d93f4c7b7d8f322110b2e90177f9",
                "sha256:8d0af8d3664f142414fd5b15cabfd3b6cc3ef242a3c7a7493257025be5a6955f",
                "sha256:9679831005fb16c6df3dd35d17aa31dc0d4d7573d84f0b44cc481490a65c7725",
                "sha256:a8f67ebfae9f575d85fa859b54d3bdecaeece74e3274b0b5c5f804d7ca789fe1",
                "sha256:acbf5c52db4adb366c064d0b7c7899e3e778d89db585feadd23b06b587d64761",
                "sha256:ada4805ed51f5bcaa3a06d3dd94939351869c095e30a2b54264f5a5004b52170",
                "sha256:c7354e8f0eca5c110b7e978034cd86ed98a7a5ffcf69ca97535445a595e07b8e",
                "sha256:e2e9d8c87120ba2c591f60e32736b82b67f72c37ba88a4c23c81b5b8fa49c018",
                "sha256:e467c57121fe1b78a8f68dd9255fbb3bb3f4f7547c6b9e109f31d14569f490c3",
                "sha256:ede47b98de79565fcd7f2decb475e2dcc85ee4097743e551fe26cfc7eb3ff143",
                "sha256:f58913e9227400f1395c7b800503ebfdb0772f1c33ff8cb4d6451c06cabdf316",
                "sha256:fe39f5fd4103ec4ca3cb8600b19216cd1ff316b4990f4c0b6057ad982c0a34d5"
            ],
            "index": "pypi",
            "version": "==1.17.4"
        },
        "packaging": {
            "hashes": [
                "sha256:2198ec20bd4c017b8f9717e00f0c8714076fc2fd93816750ab48e2c41de2cfd3",
                "sha256:957e2148ba0e1a3b282772e791ef1d8083648bc131c8ab0c1feba110ce1146c3"
            ],
            "markers": "python_version >= '3.7'",
            "version": "==22.0"
        },
        "pandas": {
            "hashes": [
                "sha256:18d91a9199d1dfaa01ad645f7540370ba630bdcef09daaf9edf45b4b1bca0232",
                "sha256:3f26e5da310a0c0b83ea50da1fd397de2640b02b424aa69be7e0784228f656c9",
                "sha256:4182e32f4456d2c64619e97c58571fa5ca0993d1e8c2d9ca44916185e1726e15",
                "sha256:426e590e2eb0e60f765271d668a30cf38b582eaae5ec9b31229c8c3c10c5bc21",
                "sha256:5eb934a8f0dc358f0e0cdf314072286bbac74e4c124b64371395e94644d5d919",
                "sha256:717928808043d3ea55b9bcde636d4a52d2236c246f6df464163a66ff59980ad8",
                "sha256:8145f97c5ed71827a6ec98ceaef35afed1377e2d19c4078f324d209ff253ecb5",
                "sha256:8744c84c914dcc59cbbb2943b32b7664df1039d99e834e1034a3372acb89ea4d",
                "sha256:c1ac1d9590d0c9314ebf01591bd40d4c03d710bfc84a3889e5263c97d7891dee",
                "sha256:cb2e197b7b0687becb026b84d3c242482f20cbb29a9981e43604eb67576da9f6",
                "sha256:d4001b71ad2c9b84ff18b182cea22b7b6cbf624216da3ea06fb7af28d1f93165",
                "sha256:d8930772adccb2882989ab1493fa74bd87d47c8ac7417f5dd3dd834ba8c24dc9",
                "sha256:dfbb0173ee2399bc4ed3caf2d236e5c0092f948aafd0a15fbe4a0e77ee61a958",
                "sha256:eebfbba048f4fa8ac711b22c78516e16ff8117d05a580e7eeef6b0c2be554c18",
                "sha256:f1b21bc5cf3dbea53d33615d1ead892dfdae9d7052fa8898083bec88be20dcd2"
            ],
            "index": "pypi",
            "version": "==0.25.1"
        },
        "patsy": {
            "hashes": [
                "sha256:7eb5349754ed6aa982af81f636479b1b8db9d5b1a6e957a6016ec0534b5c86b7",
                "sha256:bdc18001875e319bc91c812c1eb6a10be4bb13cb81eb763f466179dca3b67277"
            ],
            "version": "==0.5.3"
        },
        "pydantic": {
            "hashes": [
                "sha256:012c422859bac2e03ab3151ea6624fecf0e249486be7eb8c6ee69c91740c6752",
                "sha256:07911aab70f3bc52bb845ce1748569c5e70478ac977e106a150dd9d0465ebf04",
                "sha256:47b8db7024ba3d46c3d4768535e1cf87b6c8cf92ccd81e76f4e1cb8ee47688b3",
                "sha256:50e4e948892a6815649ad5a9a9379ad1e5f090f17842ac206535dfaed75c6f2f",
                "sha256:51f11c8bbf794a68086540da099aae4a9107447c7a9d63151edbb7d50110cf21",
                "sha256:6100d7862371115c40be55cc4b8d766a74b1d0dbaf99dbfe72bb4bac0faf89ed",
                "sha256:61d22d36808087d3184ed6ac0d91dd71c533b66addb02e4a9930e1e30833202f",
                "sha256:72184c1421103cca128300120f8f1185fb42a9ea73a1c9845b1c53db8c026a7d",
                "sha256:831a0265a9e3933b3d0f04d1a81bba543bafbe4119c183ff2771871db70524ab",
                "sha256:8848b4eb458469739126e4c1a202d723dd092e087f8dbe3104371335f87ba5df",
                "sha256:bbbed364376f4a0aebb9ea452ff7968b306499a9e74f4db69b28ff2cd4043a11",
                "sha256:e27559cedbd7f59d2375bfd6eea29a330ea1a5b0589c34d6b4e0d7bec6027bbf",
                "sha256:f17ec336e64d4583311249fb179528e9a2c27c8a2eaf590ec6ec2c6dece7cb3f",
                "sha256:f863456d3d4bf817f2e5248553dee3974c5dc796f48e6ddb599383570f4215ac"
            ],
            "index": "pypi",
            "version": "==1.4"
        },
        "pymongo": {
            "hashes": [
                "sha256:09f8196e1cb081713aa3face08d1806dc0a5dd64cb9f67fefc568519253a7ff2",
                "sha256:1be549c0ce2ba8242c149156ae2064b12a5d4704448d49f630b4910606efd474",
                "sha256:1f9fe869e289210250cba4ea20fbd169905b1793e1cd2737f423e107061afa98",
                "sha256:3653cea82d1e35edd0a2355150daf8a27ebf12cf55182d5ad1046bfa288f5140",
                "sha256:4249c6ba45587b959292a727532826c5032d59171f923f7f823788f413c2a5a3",
                "sha256:4ff8f5e7c0a78983c1ee07894fff1b21c0e0ad3a122d9786cc3745fd60e4a2ce",
                "sha256:56b29c638ab924716b48a3e94e3d7ac00b04acec1daa8190c36d61fc714c3629",
                "sha256:56ec9358bbfe5ae3b25e785f8a14619d6799c855a44734c9098bb457174019bf",
                "sha256:5b59bbde4eb417f3f9379f7b1a9de3669894f2bae9de933a836e2bffea2bbfa1",
                "sha256:5dca250cbf1183c3e7b7b18c882c2b2199bfb20c74c4c68dbf11596808a296da",
                "sha256:61101d1cc92881fac1f9ac7e99b033062f4c210178dc33193c8f5567feecb069",
                "sha256:7b4aea184e4868ebd4f9f786ffee14a1121bda5436ad04f6bcbacfa2147f8386",
                "sha256:86624c0205a403fb4fbfedef79c5b4ab27e21fd018fdb6a27cf03b3c32a9e2b9",
                "sha256:88ac09e1b197c3b4531e43054d49c022a3ea1281431b2f4980abafa35d2a5ce2",
                "sha256:8b0339809b12ea292d468524dd1777f1a9637d9bdc0353a9261b88f82537d606",
                "sha256:93dbf7388f6bf9af48dbb32f265b75b3dbc743a7a2ce98e44c88c049c58d85d3",
                "sha256:9b705daec636c560dd2d63935f428a6b3cddfe903fffc0f349e0e91007c893d6",
                "sha256:a090a819fe6fefadc2901d3911c07c76c0935ec5c790a50e9f3c3c47bacd5978",
                "sha256:a102b346f1921237eaa9a31ee89eda57ad3c3973d79be3a456d92524e7df8fec",
                "sha256:a13363869f2f36291d6367069c65d51d7b8d1b2fb410266b0b6b1f3c90d6deb0",
                "sha256:a409a43c76da50881b70cc9ee70a1744f882848e8e93a68fb434254379777fa3",
                "sha256:a76475834a978058425b0163f1bad35a5f70e45929a543075633c3fc1df564c5",
                "sha256:ad474e93525baa6c58d75d63a73143af24c9f93c8e26e8d382f32c4da637901a",
                "sha256:b268c7fa03ac77a8662fab3b2ab0be4beecb82f60f4c24b584e69565691a107f",
                "sha256:b67ec339b180acdbebcd03807ae4b1764a43e7069340fe860a60ac310b9d38be",
                "sha256:cca4e1ab5ba0cd7877d3938167ee8ae9c2986cc0e10d3dcc3243d664d3a83fec",
                "sha256:cef61de3f0f4441ec40266ff2ab42e5c16eaba1dc1fc6e1036f274621c52adc1",
                "sha256:e28153b5d5ca33d4ba0c3bbc0e1ff161b9016e5e5f3f8ca10d6fa49106eb9e04",
                "sha256:f30d7b37804daf0bab1143abc71666c630d7e270f5c14c5a7c300a6699c21108",
                "sha256:f70f0133301cccf9bfd68fd20f67184ef991be578b646e78441106f9e27cc44d",
                "sha256:fa75c21c1d82f20cce62f6fc4a68c2b0f33572ab406df1b17cd77a947d0b2993"
            ],
            "index": "pypi",
            "version": "==3.9.0"
        },
        "python-dateutil": {
            "hashes": [
                "sha256:0123cacc1627ae19ddf3c27a5de5bd67ee4586fbdd6440d9748f8abb483d3e86",
                "sha256:961d03dc3453ebbc59dbdea9e4e11c5651520a876d0f4db161e8674aae935da9"
            ],
            "markers": "python_version >= '2.7' and python_version not in '3.0, 3.1, 3.2, 3.3'",
            "version": "==2.8.2"
        },
        "pytz": {
            "hashes": [
                "sha256:222439474e9c98fced559f1709d89e6c9cbf8d79c794ff3eb9f8800064291427",
                "sha256:e89512406b793ca39f5971bc999cc538ce125c0e51c27941bef4568b460095e2"
            ],
            "version": "==2022.6"
        },
        "scikit-learn": {
            "hashes": [
                "sha256:1ca280bbdeb0f9950f9427c71e29d9f14e63b2ffa3e8fdf95f25e13773e6d898",
                "sha256:33ad23aa0928c64567a24aac771aea4e179fab2a20f9f786ab00ca9fe0a13c82",
                "sha256:344bc433ccbfbadcac8c16b4cec9d7c4722bcea9ce19f6da42e2c2f805571941",
                "sha256:35ee532b5e992a6e8d8a71d325fd9e0b58716894657e7d3da3e7a1d888c2e7d4",
                "sha256:37cbbba2d2a3895bba834d50488d22268a511279e053135bb291f637fe30512b",
                "sha256:40cf1908ee712545f4286cc21f3ee21f3466c81438320204725ab37c96849f27",
                "sha256:4130760ac54f5946523c1a1fb32a6c0925e5245f77285270a8f6fb5901b7b733",
                "sha256:46cc8c32496f02affde7abe507af99cd752de0e41aec951a0bc40c693c2a1e07",
                "sha256:4a364cf22be381a17c05ada9f9ce102733a0f75893c51b83718cd9358444921e",
                "sha256:56aff3fa3417cd69807c1c74db69aee34ce08d7161cbdfebbff9b4023d9d224b",
                "sha256:58debb34a15cfc03f4876e450068dbd711d9ec36ae5503ed2868f2c1f88522f7",
                "sha256:7bcf7ade62ef3443470af32afb82646640d653f42502cf31a13cc17d3ff85d57",
                "sha256:7d4eab203ed260075f47e2bf6a2bd656367e4e8683b3ad46d4651070c5d1e9aa",
                "sha256:86697c6e4c2d74fbbf110c6d5979d34196a55108fa9896bf424f9795a8d935ad",
                "sha256:911115db6669c9b11efd502dcc5483cd0c53e4e3c4bcdfe2e73bbb27eb5e81da",
                "sha256:97d1d971f8ec257011e64b7d655df68081dd3097322690afa1a71a1d755f8c18",
                "sha256:99f22c3228ec9ab3933597825dc7d595b6c8c7b9ae725cfa557f16353fac8314",
                "sha256:a2e18e5a4095b3ca4852eb087d28335f3bb8515df4ccf906d380ee627613837f",
                "sha256:a3070f71a4479a9827148609f24f2978f10acffa3b8012fe9606720d271066bd",
                "sha256:a6a197499429d2eaa2ae922760aa3966ef353545422d5f47ea2ca9369cbf7d26",
                "sha256:a7f6f5b3bc7b8e2066076098788579af12bd507ccea8ca6859e52761aa61eaca",
                "sha256:a82b90b6037fcc6b311431395c11b02555a3fbf96921a0667c8f8b0c495991cb",
                "sha256:ab2c4266b8cd159a266eb03c709ad5400756dca9c45aa48fb523263344475093",
                "sha256:b983a2dfdb9d707c78790608bcfd63692e5c2d996865a9689f3db768d0a2978d",
                "sha256:bb33d447f4c6fb164d426467d7bf8a4901c303333c5809b85319b2e0626763cd",
                "sha256:bc2a0116a67081167f1fbfed731d361671e5925db291b70e65fa66170045c53f",
                "sha256:bd189f6d0c2fdccb7c0d3fd1227c6626dc17d00257edbb63dd7c88f31928db61",
                "sha256:d393f810da9cd4746cad7350fb89f0509c3ae702c79d2ba8bd875201be4102d1"
            ],
            "index": "pypi",
            "version": "==0.20.0"
        },
        "scipy": {
            "hashes": [
                "sha256:033ce76ed4e9f62923e1f8124f7e2b0800db533828c853b402c7eec6e9465d80",
                "sha256:173308efba2270dcd61cd45a30dfded6ec0085b4b6eb33b5eb11ab443005e088",
                "sha256:21b66200cf44b1c3e86495e3a436fc7a26608f92b8d43d344457c54f1c024cbc",
                "sha256:2c56b820d304dffcadbbb6cbfbc2e2c79ee46ea291db17e288e73cd3c64fefa9",
                "sha256:304dfaa7146cffdb75fbf6bb7c190fd7688795389ad060b970269c8576d038e9",
                "sha256:3f78181a153fa21c018d346f595edd648344751d7f03ab94b398be2ad083ed3e",
                "sha256:4d242d13206ca4302d83d8a6388c9dfce49fc48fdd3c20efad89ba12f785bf9e",
                "sha256:5d1cc2c19afe3b5a546ede7e6a44ce1ff52e443d12b231823268019f608b9b12",
                "sha256:5f2cfc359379c56b3a41b17ebd024109b2049f878badc1e454f31418c3a18436",
                "sha256:65bd52bf55f9a1071398557394203d881384d27b9c2cad7df9a027170aeaef93",
                "sha256:7edd9a311299a61e9919ea4192dd477395b50c014cdc1a1ac572d7c27e2207fa",
                "sha256:8499d9dd1459dc0d0fe68db0832c3d5fc1361ae8e13d05e6849b358dc3f2c279",
                "sha256:866ada14a95b083dd727a845a764cf95dd13ba3dc69a16b99038001b05439709",
                "sha256:87069cf875f0262a6e3187ab0f419f5b4280d3dcf4811ef9613c605f6e4dca95",
                "sha256:93378f3d14fff07572392ce6a6a2ceb3a1f237733bd6dcb9eb6a2b29b0d19085",
                "sha256:95c2d250074cfa76715d58830579c64dff7354484b284c2b8b87e5a38321672c",
                "sha256:ab5875facfdef77e0a47d5fd39ea178b58e60e454a4c85aa1e52fcb80db7babf",
                "sha256:b0e0aeb061a1d7dcd2ed59ea57ee56c9b23dd60100825f98238c06ee5cc4467e",
                "sha256:b78a35c5c74d336f42f44106174b9851c783184a85a3fe3e68857259b37b9ffb",
                "sha256:c9e04d7e9b03a8a6ac2045f7c5ef741be86727d8f49c45db45f244bdd2bcff17",
                "sha256:ca36e7d9430f7481fc7d11e015ae16fbd5575615a8e9060538104778be84addf",
                "sha256:ceebc3c4f6a109777c0053dfa0282fddb8893eddfb0d598574acfb734a926168",
                "sha256:e2c036492e673aad1b7b0d0ccdc0cb30a968353d2c4bf92ac8e73509e1bf212c",
                "sha256:eb326658f9b73c07081300daba90a8746543b5ea177184daed26528273157294",
                "sha256:eb7ae2c4dbdb3c9247e07acc532f91077ae6dbc40ad5bd5dca0bb5a176ee9bda",
                "sha256:edad1cf5b2ce1912c4d8ddad20e11d333165552aba262c882e28c78bbc09dbf6",
                "sha256:eef93a446114ac0193a7b714ce67659db80caf940f3232bad63f4c7a81bc18df",
                "sha256:f7eaea089345a35130bc9a39b89ec1ff69c208efa97b3f8b25ea5d4c41d88094",
                "sha256:f99d206db1f1ae735a8192ab93bd6028f3a42f6fa08467d37a14eb96c9dd34a3"
            ],
            "markers": "python_version < '3.11' and python_version >= '3.7'",
            "version": "==1.7.3"
        },
        "six": {
            "hashes": [
                "sha256:1e61c37477a1626458e36f7b1d82aa5c9b094fa4802892072e49de9c60c4c926",
                "sha256:8abb2f1d86890a2dfb989f9a77cfcfd3e47c2a354b01111771326f8aa26e0254"
            ],
            "markers": "python_version >= '2.7' and python_version not in '3.0, 3.1, 3.2, 3.3'",
            "version": "==1.16.0"
        },
        "starlette": {
            "hashes": [
                "sha256:c2ac9a42e0e0328ad20fe444115ac5e3760c1ee2ac1ff8cdb5ec915c4a453411"
            ],
            "index": "pypi",
            "version": "==0.12.9"
        },
        "statsmodels": {
            "hashes": [
                "sha256:01bc16e7c66acb30cd3dda6004c43212c758223d1966131226024a5c99ec5a7e",
                "sha256:046251c939c51e7632bcc8c6d6f31b8ca0eaffdf726d2498463f8de3735c9a82",
                "sha256:072950d6f7820a6b0bd6a27b2d792a6d6f952a1d2f62f0dcf8dd808799475855",
                "sha256:0f0e5c9c58fb6cba41db01504ec8dd018c96a95152266b7d5d67e0de98840474",
                "sha256:159ae9962c61b31dcffe6356d72ae3d074bc597ad9273ec93ae653fe607b8516",
                "sha256:1b829eada6cec07990f5e6820a152af4871c601fd458f76a896fb79ae2114985",
                "sha256:2ff331e508f2d1a53d3a188305477f4cf05cd8c52beb6483885eb3d51c8be3ad",
                "sha256:593526acae1c0fda0ea6c48439f67c3943094c542fe769f8b90fe9e6c6cc4871",
                "sha256:5a5348b2757ab31c5c31b498f25eff2ea3c42086bef3d3b88847c25a30bdab9c",
                "sha256:5b034aa4b9ad4f4d21abc4dd4841be0809a446db14c7aa5c8a65090aea9f1143",
                "sha256:5cc4d3e866bfe0c4f804bca362d0e7e29d24b840aaba8d35a754387e16d2a119",
                "sha256:5d5cd9ab5de2c7489b890213cba2aec3d6468eaaec547041c2dfcb1e03411f7e",
                "sha256:6f148920ef27c7ba69a5735724f65de9422c0c8bcef71b50c846b823ceab8840",
                "sha256:73f97565c29241e839ffcef74fa995afdfe781910ccc27c189e5890193085958",
                "sha256:84f720e8d611ef8f297e6d2ffa7248764e223ef7221a3fc136e47ae089609611",
                "sha256:857d5c0564a68a7ef77dc2252bb43c994c0699919b4e1f06a9852c2fbb588765",
                "sha256:872b3a8186ef20f647c7ab5ace512a8fc050148f3c2f366460ab359eec3d9695",
                "sha256:9061c0d5ee4f3038b590afedd527a925e5de27195dc342381bac7675b2c5efe4",
                "sha256:947f79ba9662359f1cfa6e943851f17f72b06e55f4a7c7a2928ed3bc57ed6cb8",
                "sha256:9b21648e3a8e7514839ba000a48e495cdd8bb55f1b71c608cf314b05541e283b",
                "sha256:a2c46f1b0811a9736db37badeb102c0903f33bec80145ced3aa54df61aee5c2b",
                "sha256:b0d1d24e4adf96ec3c64d9a027dcee2c5d5096bb0dad33b4d91034c0a3c40371",
                "sha256:bc1abb81d24f56425febd5a22bb852a1b98e53b80c4a67f50938f9512f154141",
                "sha256:c75319fddded9507cc310fc3980e4ae4d64e3ff37b322ad5e203a84f89d85203",
                "sha256:e1d89cba5fafc1bf8e75296fdfad0b619de2bfb5e6c132913991d207f3ead675"
            ],
            "markers": "python_version >= '3.7'",
            "version": "==0.13.5"
        },
        "unidecode": {
            "hashes": [
                "sha256:1d7a042116536098d05d599ef2b8616759f02985c85b4fef50c78a5aaf10822a",
                "sha256:2b6aab710c2a1647e928e36d69c21e76b453cd455f4e2621000e54b2a9b8cce8"
            ],
            "index": "pypi",
            "version": "==1.1.1"
        },
        "uvicorn": {
            "hashes": [
                "sha256:0f58170165c4495f563d8224b2f415a0829af0412baa034d6f777904613087fd",
                "sha256:6fdaf8e53bf1b2ddf0fe9ed06079b5348d7d1d87b3365fe2549e6de0d49e631c"
            ],
            "index": "pypi",
            "version": "==0.11.3"
        },
        "uvloop": {
            "hashes": [
                "sha256:0949caf774b9fcefc7c5756bacbbbd3fc4c05a6b7eebc7c7ad6f825b23998d6d",
                "sha256:0ddf6baf9cf11a1a22c71487f39f15b2cf78eb5bde7e5b45fbb99e8a9d91b9e1",
                "sha256:1436c8673c1563422213ac6907789ecb2b070f5939b9cbff9ef7113f2b531595",
                "sha256:23609ca361a7fc587031429fa25ad2ed7242941adec948f9d10c045bfecab06b",
                "sha256:2a6149e1defac0faf505406259561bc14b034cdf1d4711a3ddcdfbaa8d825a05",
                "sha256:2deae0b0fb00a6af41fe60a675cec079615b01d68beb4cc7b722424406b126a8",
                "sha256:307958f9fc5c8bb01fad752d1345168c0abc5d62c1b72a4a8c6c06f042b45b20",
                "sha256:30babd84706115626ea78ea5dbc7dd8d0d01a2e9f9b306d24ca4ed5796c66ded",
                "sha256:3378eb62c63bf336ae2070599e49089005771cc651c8769aaad72d1bd9385a7c",
                "sha256:3d97672dc709fa4447ab83276f344a165075fd9f366a97b712bdd3fee05efae8",
                "sha256:3db8de10ed684995a7f34a001f15b374c230f7655ae840964d51496e2f8a8474",
                "sha256:3ebeeec6a6641d0adb2ea71dcfb76017602ee2bfd8213e3fcc18d8f699c5104f",
                "sha256:45cea33b208971e87a31c17622e4b440cac231766ec11e5d22c76fab3bf9df62",
                "sha256:6708f30db9117f115eadc4f125c2a10c1a50d711461699a0cbfaa45b9a78e376",
                "sha256:68532f4349fd3900b839f588972b3392ee56042e440dd5873dfbbcd2cc67617c",
                "sha256:6aafa5a78b9e62493539456f8b646f85abc7093dd997f4976bb105537cf2635e",
                "sha256:7d37dccc7ae63e61f7b96ee2e19c40f153ba6ce730d8ba4d3b4e9738c1dccc1b",
                "sha256:864e1197139d651a76c81757db5eb199db8866e13acb0dfe96e6fc5d1cf45fc4",
                "sha256:8887d675a64cfc59f4ecd34382e5b4f0ef4ae1da37ed665adba0c2badf0d6578",
                "sha256:8efcadc5a0003d3a6e887ccc1fb44dec25594f117a94e3127954c05cf144d811",
                "sha256:9b09e0f0ac29eee0451d71798878eae5a4e6a91aa275e114037b27f7db72702d",
                "sha256:a4aee22ece20958888eedbad20e4dbb03c37533e010fb824161b4f05e641f738",
                "sha256:a5abddb3558d3f0a78949c750644a67be31e47936042d4f6c888dd6f3c95f4aa",
                "sha256:c092a2c1e736086d59ac8e41f9c98f26bbf9b9222a76f21af9dfe949b99b2eb9",
                "sha256:c686a47d57ca910a2572fddfe9912819880b8765e2f01dc0dd12a9bf8573e539",
                "sha256:cbbe908fda687e39afd6ea2a2f14c2c3e43f2ca88e3a11964b297822358d0e6c",
                "sha256:ce9f61938d7155f79d3cb2ffa663147d4a76d16e08f65e2c66b77bd41b356718",
                "sha256:dbbaf9da2ee98ee2531e0c780455f2841e4675ff580ecf93fe5c48fe733b5667",
                "sha256:f1e507c9ee39c61bfddd79714e4f85900656db1aec4d40c6de55648e85c2799c",
                "sha256:ff3d00b70ce95adce264462c930fbaecb29718ba6563db354608f37e49e09024"
            ],
            "markers": "sys_platform != 'win32' and sys_platform != 'cygwin' and platform_python_implementation != 'PyPy'",
            "version": "==0.17.0"
        },
        "websockets": {
            "hashes": [
                "sha256:0e4fb4de42701340bd2353bb2eee45314651caa6ccee80dbd5f5d5978888fed5",
                "sha256:1d3f1bf059d04a4e0eb4985a887d49195e15ebabc42364f4eb564b1d065793f5",
                "sha256:20891f0dddade307ffddf593c733a3fdb6b83e6f9eef85908113e628fa5a8308",
                "sha256:295359a2cc78736737dd88c343cd0747546b2174b5e1adc223824bcaf3e164cb",
                "sha256:2db62a9142e88535038a6bcfea70ef9447696ea77891aebb730a333a51ed559a",
                "sha256:3762791ab8b38948f0c4d281c8b2ddfa99b7e510e46bd8dfa942a5fff621068c",
                "sha256:3db87421956f1b0779a7564915875ba774295cc86e81bc671631379371af1170",
                "sha256:3ef56fcc7b1ff90de46ccd5a687bbd13a3180132268c4254fc0fa44ecf4fc422",
                "sha256:4f9f7d28ce1d8f1295717c2c25b732c2bc0645db3215cf757551c392177d7cb8",
                "sha256:5c01fd846263a75bc8a2b9542606927cfad57e7282965d96b93c387622487485",
                "sha256:5c65d2da8c6bce0fca2528f69f44b2f977e06954c8512a952222cea50dad430f",
                "sha256:751a556205d8245ff94aeef23546a1113b1dd4f6e4d102ded66c39b99c2ce6c8",
                "sha256:7ff46d441db78241f4c6c27b3868c9ae71473fe03341340d2dfdbe8d79310acc",
                "sha256:965889d9f0e2a75edd81a07592d0ced54daa5b0785f57dc429c378edbcffe779",
                "sha256:9b248ba3dd8a03b1a10b19efe7d4f7fa41d158fdaa95e2cf65af5a7b95a4f989",
                "sha256:9bef37ee224e104a413f0780e29adb3e514a5b698aabe0d969a6ba426b8435d1",
                "sha256:c1ec8db4fac31850286b7cd3b9c0e1b944204668b8eb721674916d4e28744092",
                "sha256:c8a116feafdb1f84607cb3b14aa1418424ae71fee131642fc568d21423b51824",
                "sha256:ce85b06a10fc65e6143518b96d3dca27b081a740bae261c2fb20375801a9d56d",
                "sha256:d705f8aeecdf3262379644e4b55107a3b55860eb812b673b28d0fbc347a60c55",
                "sha256:e898a0863421650f0bebac8ba40840fc02258ef4714cb7e1fd76b6a6354bda36",
                "sha256:f8a7bff6e8664afc4e6c28b983845c5bc14965030e3fb98789734d416af77c4b"
            ],
            "markers": "python_full_version >= '3.6.1'",
            "version": "==8.1"
        }
    },
    "develop": {
        "attrs": {
            "hashes": [
                "sha256:29adc2665447e5191d0e7c568fde78b21f9672d344281d0c6e1ab085429b22b6",
                "sha256:86efa402f67bf2df34f51a335487cf46b1ec130d02b8d39fd248abfd30da551c"
            ],
            "markers": "python_version >= '3.5'",
            "version": "==22.1.0"
        },
        "certifi": {
            "hashes": [
                "sha256:35824b4c3a97115964b408844d64aa14db1cc518f6562e8d7261699d1350a9e3",
                "sha256:4ad3232f5e926d6718ec31cfc1fcadfde020920e278684144551c91769c7bc18"
            ],
            "index": "pypi",
            "version": "==2022.12.7"
        },
        "chardet": {
            "hashes": [
                "sha256:84ab92ed1c4d4f16916e05906b6b75a6c0fb5db821cc65e70cbd64a3e2a5eaae",
                "sha256:fc323ffcaeaed0e0a02bf4d117757b98aed530d9ed4531e3e15460124c106691"
            ],
            "version": "==3.0.4"
        },
        "idna": {
            "hashes": [
                "sha256:b307872f855b18632ce0c21c5e45be78c0ea7ae4c15c828c20788b26921eb3f6",
                "sha256:b97d804b1e9b523befed77c48dacec60e6dcb0b5391d57af6a65a312a90648c0"
            ],
            "markers": "python_version >= '2.7' and python_version not in '3.0, 3.1, 3.2, 3.3'",
            "version": "==2.10"
        },
        "importlib-metadata": {
            "hashes": [
                "sha256:d5059f9f1e8e41f80e9c56c2ee58811450c31984dfa625329ffd7c0dad88a73b",
                "sha256:d84d17e21670ec07990e1044a99efe8d615d860fd176fc29ef5c306068fda313"
            ],
            "markers": "python_version < '3.8'",
            "version": "==5.1.0"
        },
        "more-itertools": {
            "hashes": [
                "sha256:250e83d7e81d0c87ca6bd942e6aeab8cc9daa6096d12c5308f3f92fa5e5c1f41",
                "sha256:5a6257e40878ef0520b1803990e3e22303a41b5714006c32a3fd8304b26ea1ab"
            ],
            "markers": "python_version >= '3.7'",
            "version": "==9.0.0"
        },
        "packaging": {
            "hashes": [
                "sha256:2198ec20bd4c017b8f9717e00f0c8714076fc2fd93816750ab48e2c41de2cfd3",
                "sha256:957e2148ba0e1a3b282772e791ef1d8083648bc131c8ab0c1feba110ce1146c3"
            ],
            "markers": "python_version >= '3.7'",
            "version": "==22.0"
        },
        "pluggy": {
            "hashes": [
                "sha256:15b2acde666561e1298d71b523007ed7364de07029219b604cf808bfa1c765b0",
                "sha256:966c145cd83c96502c3c3868f50408687b38434af77734af1e9ca461a4081d2d"
            ],
            "markers": "python_version >= '2.7' and python_version not in '3.0, 3.1, 3.2, 3.3'",
            "version": "==0.13.1"
        },
        "py": {
            "hashes": [
                "sha256:51c75c4126074b472f746a24399ad32f6053d1b34b68d2fa41e558e6f4a98719",
                "sha256:607c53218732647dff4acdfcd50cb62615cedf612e72d1724fb1a0cc6405b378"
            ],
            "markers": "python_version >= '2.7' and python_version not in '3.0, 3.1, 3.2, 3.3, 3.4'",
            "version": "==1.11.0"
        },
        "pycodestyle": {
            "hashes": [
                "sha256:95a2219d12372f05704562a14ec30bc76b05a5b297b21a5dfe3f6fac3491ae56",
                "sha256:e40a936c9a450ad81df37f549d676d127b1b66000a6c500caa2b085bc0ca976c"
            ],
            "index": "pypi",
            "version": "==2.5.0"
        },
        "pytest": {
            "hashes": [
                "sha256:0d5fe9189a148acc3c3eb2ac8e1ac0742cb7618c084f3d228baaec0c254b318d",
                "sha256:ff615c761e25eb25df19edddc0b970302d2a9091fbce0e7213298d85fb61fef6"
            ],
            "index": "pypi",
            "version": "==5.3.5"
        },
        "requests": {
            "hashes": [
                "sha256:43999036bfa82904b6af1d99e4882b560e5e2c68e5c4b0aa03b655f3d7d73fee",
                "sha256:5d2d0ffbb515f39417009a46c14256291061ac01ba8f875b90cad137de83beb4",
                "sha256:b3f43d496c6daba4493e7c431722aeb7dbc6288f52a6e04e7b6023b0247817e6"
            ],
            "index": "pypi",
            "version": "==2.23.0"
        },
        "typing-extensions": {
            "hashes": [
                "sha256:1511434bb92bf8dd198c12b1cc812e800d4181cfcb867674e0f8279cc93087aa",
                "sha256:16fa4864408f655d35ec496218b85f79b3437c829e93320c7c9215ccfd92489e"
            ],
            "markers": "python_version < '3.8'",
            "version": "==4.4.0"
        },
        "urllib3": {
            "hashes": [
                "sha256:8d7eaa5a82a1cac232164990f04874c594c9453ec55eef02eab885aa02fc17a2",
                "sha256:f5321fbe4bf3fefa0efd0bfe7fb14e90909eb62a48ccda331726b4319897dd5e"
            ],
            "markers": "python_version >= '2.7' and python_version not in '3.0, 3.1, 3.2, 3.3, 3.4' and python_version < '4'",
            "version": "==1.25.11"
        },
        "wcwidth": {
            "hashes": [
                "sha256:beb4802a9cebb9144e99086eff703a642a13d6a0052920003a230f3294bbe784",
                "sha256:c4d647b99872929fdb7bdcaa4fbe7f01413ed3d98077df798530e5b04f116c83"
            ],
            "version": "==0.2.5"
        },
        "zipp": {
            "hashes": [
                "sha256:83a28fcb75844b5c0cdaf5aa4003c2d728c77e05f5aeabe8e95e56727005fbaa",
                "sha256:a7a22e05929290a67401440b39690ae6563279bced5f314609d9d03798f56766"
            ],
            "markers": "python_version >= '3.7'",
            "version": "==3.11.0"
        }
    }
}
